<?xml version="1.0" encoding="utf-8"?>
<Project ToolsVersion="4.0" xmlns="http://schemas.microsoft.com/developer/msbuild/2003">
  <ItemGroup>
    <Filter Include="Source">
      <UniqueIdentifier>{e0a82d6d-0280-4d46-8dd8-c96f83d9271d}</UniqueIdentifier>
    </Filter>
    <Filter Include="Source\Core">
      <UniqueIdentifier>{6cf7e1b8-09b5-45c3-a43a-cf98790d8242}</UniqueIdentifier>
    </Filter>
    <Filter Include="Source\Core\Collision">
      <UniqueIdentifier>{0d525539-ec26-4a9f-b7a1-b18e1dab981f}</UniqueIdentifier>
    </Filter>
    <Filter Include="Source\Core\Math">
      <UniqueIdentifier>{285445e2-bf6a-4887-8895-4558fb9de855}</UniqueIdentifier>
    </Filter>
    <Filter Include="Source\Game">
      <UniqueIdentifier>{ae61a946-ec03-4a59-b498-9e388f753f44}</UniqueIdentifier>
    </Filter>
    <Filter Include="Source\Gameplay">
      <UniqueIdentifier>{e50ad04c-232a-4c45-bc5b-8cd5f9be7df4}</UniqueIdentifier>
    </Filter>
    <Filter Include="Source\Gameplay\Player">
      <UniqueIdentifier>{c37047d7-6b7d-469c-b521-481d8eb102de}</UniqueIdentifier>
    </Filter>
    <Filter Include="Source\Gameplay\Gimmick">
      <UniqueIdentifier>{e0805ea9-42d0-4f04-9dbb-b2169b4350b2}</UniqueIdentifier>
    </Filter>
	<Filter Include="Source\Gameplay\Gimmick\ReflectiveBlock">
	  <UniqueIdentifier>{6408aabd-4401-4af1-a5a1-454f4b26b865}</UniqueIdentifier>
	</Filter>
	<Filter Include="Source\Gameplay\Gimmick\AccelerationPanel">
	  <UniqueIdentifier>{b2a30ec7-52db-4e92-9984-fc02bd601faf}</UniqueIdentifier>
	</Filter>
    <Filter Include="Source\Input">
      <UniqueIdentifier>{bc27f7af-0da9-41ff-893c-6e6203bcc166}</UniqueIdentifier>
    </Filter>
    <Filter Include="Source\Rendering">
      <UniqueIdentifier>{ea849ac6-7a63-47c7-bd60-27a969125b41}</UniqueIdentifier>
    </Filter>
    <Filter Include="Source\Scene">
      <UniqueIdentifier>{b6ff1f03-5699-4638-b18b-7d0b0fa3be83}</UniqueIdentifier>
    </Filter>
    <Filter Include="Source\Scene\DifficultySelect">
      <UniqueIdentifier>{8797a6f8-d0db-4763-a0a8-1c3510ce2107}</UniqueIdentifier>
    </Filter>
    <Filter Include="Source\Scene\GameScene">
      <UniqueIdentifier>{6734ad1c-70b9-4c35-a345-ff27e3418d57}</UniqueIdentifier>
    </Filter>
    <Filter Include="Source\Scene\Result">
      <UniqueIdentifier>{16f856b1-592d-4507-b15d-191e9645a3ba}</UniqueIdentifier>
    </Filter>
    <Filter Include="Source\Scene\Title">
      <UniqueIdentifier>{49dc17cc-ce51-4cc2-a431-47a7be3cfdd3}</UniqueIdentifier>
    </Filter>
    <Filter Include="Source\UI">
      <UniqueIdentifier>{bbf54962-e853-4cca-b572-18c2e75bf04f}</UniqueIdentifier>
    </Filter>
    <Filter Include="Resources">
      <UniqueIdentifier>{67da6ab6-f800-4c08-8b7a-83bb121aad01}</UniqueIdentifier>
    </Filter>
    <Filter Include="Resources\Shaders">
      <UniqueIdentifier>{718c7f4c-fc51-40ad-a221-b9456a7a1a3c}</UniqueIdentifier>
    </Filter>
    <Filter Include="Resources\Stages">
      <UniqueIdentifier>{8ad1975f-cf38-466d-8b73-b2cb714a46a8}</UniqueIdentifier>
    </Filter>
    <Filter Include="Resources\Stages\Tutorial">
      <UniqueIdentifier>{442ae5bc-1096-4e3d-8892-a8ed37051664}</UniqueIdentifier>
    </Filter>
    <Filter Include="Resources\Stages\Easy">
      <UniqueIdentifier>{c3a0d4ec-2455-45a1-bcf1-12196a59f04d}</UniqueIdentifier>
    </Filter>
    <Filter Include="Resources\Stages\Normal">
      <UniqueIdentifier>{5f06e144-6c62-431c-91b3-4c4bf6972f55}</UniqueIdentifier>
    </Filter>
    <Filter Include="Resources\Stages\Hard">
      <UniqueIdentifier>{88037ed7-25f4-4f7e-9902-8f45febc0642}</UniqueIdentifier>
    </Filter>
  </ItemGroup>
  <ItemGroup>
    <ClCompile Include="Source\main.cpp">
      <Filter>Source</Filter>
    </ClCompile>
    <ClCompile Include="Source\Core\Collision\CollisionManager.cpp">
      <Filter>Source\Core\Collision</Filter>
    </ClCompile>
    <ClCompile Include="Source\Core\Math\MathUtility.cpp">
      <Filter>Source\Core\Math</Filter>
    </ClCompile>
    <ClCompile Include="Source\Core\Math\WorldTransformEx.cpp">
      <Filter>Source\Core\Math</Filter>
    </ClCompile>
    <ClCompile Include="Source\Game\Stage.cpp">
      <Filter>Source\Game</Filter>
    </ClCompile>
    <ClCompile Include="Source\Gameplay\Player\Player.cpp">
      <Filter>Source\Gameplay\Player</Filter>
    </ClCompile>
    <ClCompile Include="Source\Gameplay\Gimmick\ReflectiveBlock\ReflectiveBlock.cpp">
      <Filter>Source\Gameplay\Gimmick\ReflectiveBlock</Filter>
    </ClCompile>
	<ClCompile Include="Source\Gameplay\Gimmick\AccelerationPanel\AccelerationPanel.cpp">
	  <Filter>Source\Gameplay\Gimmick\AccelerationPanel</Filter>
	</ClCompile>
    <ClCompile Include="Source\Input\DragInput.cpp">
      <Filter>Source\Input</Filter>
    </ClCompile>
    <ClCompile Include="Source\Rendering\StageRenderer.cpp">
      <Filter>Source\Rendering</Filter>
    </ClCompile>
    <ClCompile Include="Source\Scene\DifficultySelect\DifficultySelectScene.cpp">
      <Filter>Source\Scene\DifficultySelect</Filter>
    </ClCompile>
    <ClCompile Include="Source\Scene\GameScene\GameScene.cpp">
      <Filter>Source\Scene\GameScene</Filter>
    </ClCompile>
    <ClCompile Include="Source\Scene\Result\ResultScene.cpp">
      <Filter>Source\Scene\Result</Filter>
    </ClCompile>
    <ClCompile Include="Source\Scene\SceneManager.cpp">
      <Filter>Source\Scene</Filter>
    </ClCompile>
    <ClCompile Include="Source\Scene\Title\TitleScene.cpp">
      <Filter>Source\Scene\Title</Filter>
    </ClCompile>
    <ClCompile Include="Source\UI\UI.cpp">
      <Filter>Source\UI</Filter>
    </ClCompile>
  </ItemGroup>
  <ItemGroup>
    <ClInclude Include="Source\Core\Collision\Collider.h">
      <Filter>Source\Core\Collision</Filter>
    </ClInclude>
    <ClInclude Include="Source\Core\Collision\CollisionManager.h">
      <Filter>Source\Core\Collision</Filter>
    </ClInclude>
    <ClInclude Include="Source\Core\Math\MathUtility.h">
      <Filter>Source\Core\Math</Filter>
    </ClInclude>
    <ClInclude Include="Source\Game\Stage.h">
      <Filter>Source\Game</Filter>
    </ClInclude>
    <ClInclude Include="Source\Gameplay\Player\Player.h">
      <Filter>Source\Gameplay\Player</Filter>
    </ClInclude>
    <ClInclude Include="Source\Gameplay\Gimmick\ReflectiveBlock\ReflectiveBlock.h">
      <Filter>Source\Gameplay\Gimmick\ReflectiveBlock</Filter>
    </ClInclude>
	<ClInclude Include="Source\Gameplay\Gimmick\AccelerationPanel\AccelerationPanel.h">
	  <Filter>Source\Gameplay\Gimmick\AccelerationPanel</Filter>
	</ClInclude>
    <ClInclude Include="Source\Input\DragInput.h">
      <Filter>Source\Input</Filter>
    </ClInclude>
    <ClInclude Include="Source\Rendering\StageRenderer.h">
      <Filter>Source\Rendering</Filter>
    </ClInclude>
    <ClInclude Include="Source\Scene\DifficultySelect\DifficultySelectScene.h">
      <Filter>Source\Scene\DifficultySelect</Filter>
    </ClInclude>
    <ClInclude Include="Source\Scene\GameScene\GameScene.h">
      <Filter>Source\Scene\GameScene</Filter>
    </ClInclude>
    <ClInclude Include="Source\Scene\IScene.h">
      <Filter>Source\Scene</Filter>
    </ClInclude>
    <ClInclude Include="Source\Scene\Result\ResultScene.h">
      <Filter>Source\Scene\Result</Filter>
    </ClInclude>
    <ClInclude Include="Source\Scene\SceneManager.h">
      <Filter>Source\Scene</Filter>
    </ClInclude>
    <ClInclude Include="Source\Scene\SceneName.h">
      <Filter>Source\Scene</Filter>
    </ClInclude>
    <ClInclude Include="Source\Scene\Title\TitleScene.h">
      <Filter>Source\Scene\Title</Filter>
    </ClInclude>
    <ClInclude Include="Source\UI\UI.h">
      <Filter>Source\UI</Filter>
    </ClInclude>
  </ItemGroup>
  <ItemGroup>
    <FxCompile Include="Resources\shaders\SpritePS.hlsl">
      <Filter>Resources\Shaders</Filter>
    </FxCompile>
    <FxCompile Include="Resources\shaders\SpriteVS.hlsl">
      <Filter>Resources\Shaders</Filter>
    </FxCompile>
    <FxCompile Include="Resources\shaders\ShapeVS.hlsl">
      <Filter>Resources\Shaders</Filter>
    </FxCompile>
    <FxCompile Include="Resources\shaders\ShapePS.hlsl">
      <Filter>Resources\Shaders</Filter>
    </FxCompile>
    <FxCompile Include="Resources\shaders\ObjPS.hlsl">
      <Filter>Resources\Shaders</Filter>
    </FxCompile>
    <FxCompile Include="Resources\shaders\ObjVS.hlsl">
      <Filter>Resources\Shaders</Filter>
    </FxCompile>
    <FxCompile Include="Resources\shaders\PrimitivePS.hlsl">
      <Filter>Resources\Shaders</Filter>
    </FxCompile>
    <FxCompile Include="Resources\shaders\PrimitiveVS.hlsl">
      <Filter>Resources\Shaders</Filter>
    </FxCompile>
    <FxCompile Include="Resources\shaders\TerrainPS.hlsl">
      <Filter>Resources\Shaders</Filter>
    </FxCompile>
    <FxCompile Include="Resources\shaders\TerrainVS.hlsl">
      <Filter>Resources\Shaders</Filter>
    </FxCompile>
  </ItemGroup>
  <ItemGroup>
    <None Include="Resources\shaders\Obj.hlsli">
      <Filter>Resources\Shaders</Filter>
    </None>
    <None Include="Resources\shaders\Primitive.hlsli">
      <Filter>Resources\Shaders</Filter>
    </None>
    <None Include="Resources\shaders\Shape.hlsli">
      <Filter>Resources\Shaders</Filter>
    </None>
    <None Include="Resources\shaders\Sprite.hlsli">
      <Filter>Resources\Shaders</Filter>
    </None>
    <None Include="Resources\shaders\Terrain.hlsli">
      <Filter>Resources\Shaders</Filter>
    </None>
  </ItemGroup>
  <ItemGroup>
    <None Include="Resources\Stages\Tutorial\Tutorial_01.csv">
      <Filter>Resources\Stages\Tutorial</Filter>
    </None>
    <None Include="Resources\Stages\Tutorial\Tutorial_02.csv">
      <Filter>Resources\Stages\Tutorial</Filter>
    </None>
    <None Include="Resources\Stages\Tutorial\Tutorial_03.csv">
      <Filter>Resources\Stages\Tutorial</Filter>
    </None>
    <None Include="Resources\Stages\Easy\Easy_01.csv">
      <Filter>Resources\Stages\Easy</Filter>
    </None>
    <None Include="Resources\Stages\Easy\Easy_02.csv">
      <Filter>Resources\Stages\Easy</Filter>
    </None>
    <None Include="Resources\Stages\Easy\Easy_03.csv">
      <Filter>Resources\Stages\Easy</Filter>
    </None>
    <None Include="Resources\Stages\Easy\Easy_04.csv">
      <Filter>Resources\Stages\Easy</Filter>
    </None>
    <None Include="Resources\Stages\Easy\Easy_05.csv">
      <Filter>Resources\Stages\Easy</Filter>
    </None>
    <None Include="Resources\Stages\Normal\Normal_01.csv">
      <Filter>Resources\Stages\Normal</Filter>
    </None>
    <None Include="Resources\Stages\Normal\Normal_02.csv">
      <Filter>Resources\Stages\Normal</Filter>
    </None>
    <None Include="Resources\Stages\Normal\Normal_03.csv">
      <Filter>Resources\Stages\Normal</Filter>
    </None>
    <None Include="Resources\Stages\Normal\Normal_04.csv">
      <Filter>Resources\Stages\Normal</Filter>
    </None>
    <None Include="Resources\Stages\Normal\Normal_05.csv">
      <Filter>Resources\Stages\Normal</Filter>
    </None>
    <None Include="Resources\Stages\Hard\Hard_01.csv">
      <Filter>Resources\Stages\Hard</Filter>
    </None>
    <None Include="Resources\Stages\Hard\Hard_02.csv">
      <Filter>Resources\Stages\Hard</Filter>
    </None>
    <None Include="Resources\Stages\Hard\Hard_03.csv">
      <Filter>Resources\Stages\Hard</Filter>
    </None>
    <None Include="Resources\Stages\Hard\Hard_04.csv">
      <Filter>Resources\Stages\Hard</Filter>
    </None>
    <None Include="Resources\Stages\Hard\Hard_05.csv">
      <Filter>Resources\Stages\Hard</Filter>
    </None>
  </ItemGroup>
</Project>
